
Microsoft Visual Studio Solution File, Format Version 12.00
# Visual Studio 15
VisualStudioVersion = 15.0.26124.0
MinimumVisualStudioVersion = 15.0.26124.0
Project("{2150E333-8FDC-42A3-9474-1A3956D46DE8}") = "src", "src", "{52F4B719-D0F9-4C68-B327-8FF2894B8B1F}"
EndProject
Project("{FAE04EC0-301F-11D3-BF4B-00C04F79EFBC}") = "Neutrino.Entities", "src\Neutrino.Entities\Neutrino.Entities.csproj", "{601E4A07-BF82-42CC-B1ED-AE90811E528F}"
EndProject
Project("{FAE04EC0-301F-11D3-BF4B-00C04F79EFBC}") = "Neutrino.Core", "src\Neutrino.Core\Neutrino.Core.csproj", "{690EAFFD-D31A-401F-B333-E8245D738457}"
EndProject
Project("{FAE04EC0-301F-11D3-BF4B-00C04F79EFBC}") = "Neutrino.Consensus", "src\Neutrino.Consensus\Neutrino.Consensus.csproj", "{3C7000A7-EAD2-4BCE-9189-D2F5DB9CE28D}"
EndProject
Project("{FAE04EC0-301F-11D3-BF4B-00C04F79EFBC}") = "Neutrino.Client", "src\Neutrino.Client\Neutrino.Client.csproj", "{41E52B53-5F27-4FFC-A326-8DDA134EE9E1}"
EndProject
Project("{2150E333-8FDC-42A3-9474-1A3956D46DE8}") = "test", "test", "{354DB67D-9474-4282-AA38-78DEAD86CF5A}"
EndProject
Project("{FAE04EC0-301F-11D3-BF4B-00C04F79EFBC}") = "Neutrino.Api.Spec", "test\Neutrino.Api.Specs\Neutrino.Api.Spec.csproj", "{6BDB2F8C-8A64-40C5-BCA5-6DE645B8AC4B}"
EndProject
Project("{FAE04EC0-301F-11D3-BF4B-00C04F79EFBC}") = "Neutrino.Client.Specs", "test\Neutrino.Client.Specs\Neutrino.Client.Specs.csproj", "{D14106FE-D669-4113-8966-DA04D610B14A}"
EndProject
Project("{FAE04EC0-301F-11D3-BF4B-00C04F79EFBC}") = "Neutrino.Api", "src\Neutrino.Api\Neutrino.Api.csproj", "{493991ED-FAAE-4423-B9DA-470A59D3AD31}"
EndProject
Global
	GlobalSection(SolutionConfigurationPlatforms) = preSolution
		Debug|Any CPU = Debug|Any CPU
		Debug|x64 = Debug|x64
		Debug|x86 = Debug|x86
		Release|Any CPU = Release|Any CPU
		Release|x64 = Release|x64
		Release|x86 = Release|x86
	EndGlobalSection
	GlobalSection(SolutionProperties) = preSolution
		HideSolutionNode = FALSE
	EndGlobalSection
	GlobalSection(ProjectConfigurationPlatforms) = postSolution
		{601E4A07-BF82-42CC-B1ED-AE90811E528F}.Debug|Any CPU.ActiveCfg = Debug|Any CPU
		{601E4A07-BF82-42CC-B1ED-AE90811E528F}.Debug|Any CPU.Build.0 = Debug|Any CPU
		{601E4A07-BF82-42CC-B1ED-AE90811E528F}.Debug|x64.ActiveCfg = Debug|x64
		{601E4A07-BF82-42CC-B1ED-AE90811E528F}.Debug|x64.Build.0 = Debug|x64
		{601E4A07-BF82-42CC-B1ED-AE90811E528F}.Debug|x86.ActiveCfg = Debug|x86
		{601E4A07-BF82-42CC-B1ED-AE90811E528F}.Debug|x86.Build.0 = Debug|x86
		{601E4A07-BF82-42CC-B1ED-AE90811E528F}.Release|Any CPU.ActiveCfg = Release|Any CPU
		{601E4A07-BF82-42CC-B1ED-AE90811E528F}.Release|Any CPU.Build.0 = Release|Any CPU
		{601E4A07-BF82-42CC-B1ED-AE90811E528F}.Release|x64.ActiveCfg = Release|x64
		{601E4A07-BF82-42CC-B1ED-AE90811E528F}.Release|x64.Build.0 = Release|x64
		{601E4A07-BF82-42CC-B1ED-AE90811E528F}.Release|x86.ActiveCfg = Release|x86
		{601E4A07-BF82-42CC-B1ED-AE90811E528F}.Release|x86.Build.0 = Release|x86
		{690EAFFD-D31A-401F-B333-E8245D738457}.Debug|Any CPU.ActiveCfg = Debug|Any CPU
		{690EAFFD-D31A-401F-B333-E8245D738457}.Debug|Any CPU.Build.0 = Debug|Any CPU
		{690EAFFD-D31A-401F-B333-E8245D738457}.Debug|x64.ActiveCfg = Debug|x64
		{690EAFFD-D31A-401F-B333-E8245D738457}.Debug|x64.Build.0 = Debug|x64
		{690EAFFD-D31A-401F-B333-E8245D738457}.Debug|x86.ActiveCfg = Debug|x86
		{690EAFFD-D31A-401F-B333-E8245D738457}.Debug|x86.Build.0 = Debug|x86
		{690EAFFD-D31A-401F-B333-E8245D738457}.Release|Any CPU.ActiveCfg = Release|Any CPU
		{690EAFFD-D31A-401F-B333-E8245D738457}.Release|Any CPU.Build.0 = Release|Any CPU
		{690EAFFD-D31A-401F-B333-E8245D738457}.Release|x64.ActiveCfg = Release|x64
		{690EAFFD-D31A-401F-B333-E8245D738457}.Release|x64.Build.0 = Release|x64
		{690EAFFD-D31A-401F-B333-E8245D738457}.Release|x86.ActiveCfg = Release|x86
		{690EAFFD-D31A-401F-B333-E8245D738457}.Release|x86.Build.0 = Release|x86
		{3C7000A7-EAD2-4BCE-9189-D2F5DB9CE28D}.Debug|Any CPU.ActiveCfg = Debug|Any CPU
		{3C7000A7-EAD2-4BCE-9189-D2F5DB9CE28D}.Debug|Any CPU.Build.0 = Debug|Any CPU
		{3C7000A7-EAD2-4BCE-9189-D2F5DB9CE28D}.Debug|x64.ActiveCfg = Debug|x64
		{3C7000A7-EAD2-4BCE-9189-D2F5DB9CE28D}.Debug|x64.Build.0 = Debug|x64
		{3C7000A7-EAD2-4BCE-9189-D2F5DB9CE28D}.Debug|x86.ActiveCfg = Debug|x86
		{3C7000A7-EAD2-4BCE-9189-D2F5DB9CE28D}.Debug|x86.Build.0 = Debug|x86
		{3C7000A7-EAD2-4BCE-9189-D2F5DB9CE28D}.Release|Any CPU.ActiveCfg = Release|Any CPU
		{3C7000A7-EAD2-4BCE-9189-D2F5DB9CE28D}.Release|Any CPU.Build.0 = Release|Any CPU
		{3C7000A7-EAD2-4BCE-9189-D2F5DB9CE28D}.Release|x64.ActiveCfg = Release|x64
		{3C7000A7-EAD2-4BCE-9189-D2F5DB9CE28D}.Release|x64.Build.0 = Release|x64
		{3C7000A7-EAD2-4BCE-9189-D2F5DB9CE28D}.Release|x86.ActiveCfg = Release|x86
		{3C7000A7-EAD2-4BCE-9189-D2F5DB9CE28D}.Release|x86.Build.0 = Release|x86
		{41E52B53-5F27-4FFC-A326-8DDA134EE9E1}.Debug|Any CPU.ActiveCfg = Debug|Any CPU
		{41E52B53-5F27-4FFC-A326-8DDA134EE9E1}.Debug|Any CPU.Build.0 = Debug|Any CPU
		{41E52B53-5F27-4FFC-A326-8DDA134EE9E1}.Debug|x64.ActiveCfg = Debug|x64
		{41E52B53-5F27-4FFC-A326-8DDA134EE9E1}.Debug|x64.Build.0 = Debug|x64
		{41E52B53-5F27-4FFC-A326-8DDA134EE9E1}.Debug|x86.ActiveCfg = Debug|x86
		{41E52B53-5F27-4FFC-A326-8DDA134EE9E1}.Debug|x86.Build.0 = Debug|x86
		{41E52B53-5F27-4FFC-A326-8DDA134EE9E1}.Release|Any CPU.ActiveCfg = Release|Any CPU
		{41E52B53-5F27-4FFC-A326-8DDA134EE9E1}.Release|Any CPU.Build.0 = Release|Any CPU
		{41E52B53-5F27-4FFC-A326-8DDA134EE9E1}.Release|x64.ActiveCfg = Release|x64
		{41E52B53-5F27-4FFC-A326-8DDA134EE9E1}.Release|x64.Build.0 = Release|x64
		{41E52B53-5F27-4FFC-A326-8DDA134EE9E1}.Release|x86.ActiveCfg = Release|x86
		{41E52B53-5F27-4FFC-A326-8DDA134EE9E1}.Release|x86.Build.0 = Release|x86
		{6BDB2F8C-8A64-40C5-BCA5-6DE645B8AC4B}.Debug|Any CPU.ActiveCfg = Debug|Any CPU
		{6BDB2F8C-8A64-40C5-BCA5-6DE645B8AC4B}.Debug|Any CPU.Build.0 = Debug|Any CPU
		{6BDB2F8C-8A64-40C5-BCA5-6DE645B8AC4B}.Debug|x64.ActiveCfg = Debug|x64
		{6BDB2F8C-8A64-40C5-BCA5-6DE645B8AC4B}.Debug|x64.Build.0 = Debug|x64
		{6BDB2F8C-8A64-40C5-BCA5-6DE645B8AC4B}.Debug|x86.ActiveCfg = Debug|x86
		{6BDB2F8C-8A64-40C5-BCA5-6DE645B8AC4B}.Debug|x86.Build.0 = Debug|x86
		{6BDB2F8C-8A64-40C5-BCA5-6DE645B8AC4B}.Release|Any CPU.ActiveCfg = Release|Any CPU
		{6BDB2F8C-8A64-40C5-BCA5-6DE645B8AC4B}.Release|Any CPU.Build.0 = Release|Any CPU
		{6BDB2F8C-8A64-40C5-BCA5-6DE645B8AC4B}.Release|x64.ActiveCfg = Release|x64
		{6BDB2F8C-8A64-40C5-BCA5-6DE645B8AC4B}.Release|x64.Build.0 = Release|x64
		{6BDB2F8C-8A64-40C5-BCA5-6DE645B8AC4B}.Release|x86.ActiveCfg = Release|x86
		{6BDB2F8C-8A64-40C5-BCA5-6DE645B8AC4B}.Release|x86.Build.0 = Release|x86
		{D14106FE-D669-4113-8966-DA04D610B14A}.Debug|Any CPU.ActiveCfg = Debug|Any CPU
		{D14106FE-D669-4113-8966-DA04D610B14A}.Debug|Any CPU.Build.0 = Debug|Any CPU
		{D14106FE-D669-4113-8966-DA04D610B14A}.Debug|x64.ActiveCfg = Debug|x64
		{D14106FE-D669-4113-8966-DA04D610B14A}.Debug|x64.Build.0 = Debug|x64
		{D14106FE-D669-4113-8966-DA04D610B14A}.Debug|x86.ActiveCfg = Debug|x86
		{D14106FE-D669-4113-8966-DA04D610B14A}.Debug|x86.Build.0 = Debug|x86
		{D14106FE-D669-4113-8966-DA04D610B14A}.Release|Any CPU.ActiveCfg = Release|Any CPU
		{D14106FE-D669-4113-8966-DA04D610B14A}.Release|Any CPU.Build.0 = Release|Any CPU
		{D14106FE-D669-4113-8966-DA04D610B14A}.Release|x64.ActiveCfg = Release|x64
		{D14106FE-D669-4113-8966-DA04D610B14A}.Release|x64.Build.0 = Release|x64
		{D14106FE-D669-4113-8966-DA04D610B14A}.Release|x86.ActiveCfg = Release|x86
		{D14106FE-D669-4113-8966-DA04D610B14A}.Release|x86.Build.0 = Release|x86
		{493991ED-FAAE-4423-B9DA-470A59D3AD31}.Debug|Any CPU.ActiveCfg = Debug|Any CPU
		{493991ED-FAAE-4423-B9DA-470A59D3AD31}.Debug|Any CPU.Build.0 = Debug|Any CPU
		{493991ED-FAAE-4423-B9DA-470A59D3AD31}.Debug|x64.ActiveCfg = Debug|x64
		{493991ED-FAAE-4423-B9DA-470A59D3AD31}.Debug|x64.Build.0 = Debug|x64
		{493991ED-FAAE-4423-B9DA-470A59D3AD31}.Debug|x86.ActiveCfg = Debug|x86
		{493991ED-FAAE-4423-B9DA-470A59D3AD31}.Debug|x86.Build.0 = Debug|x86
		{493991ED-FAAE-4423-B9DA-470A59D3AD31}.Release|Any CPU.ActiveCfg = Release|Any CPU
		{493991ED-FAAE-4423-B9DA-470A59D3AD31}.Release|Any CPU.Build.0 = Release|Any CPU
		{493991ED-FAAE-4423-B9DA-470A59D3AD31}.Release|x64.ActiveCfg = Release|x64
		{493991ED-FAAE-4423-B9DA-470A59D3AD31}.Release|x64.Build.0 = Release|x64
		{493991ED-FAAE-4423-B9DA-470A59D3AD31}.Release|x86.ActiveCfg = Release|x86
		{493991ED-FAAE-4423-B9DA-470A59D3AD31}.Release|x86.Build.0 = Release|x86
	EndGlobalSection
	GlobalSection(NestedProjects) = preSolution
		{601E4A07-BF82-42CC-B1ED-AE90811E528F} = {52F4B719-D0F9-4C68-B327-8FF2894B8B1F}
		{690EAFFD-D31A-401F-B333-E8245D738457} = {52F4B719-D0F9-4C68-B327-8FF2894B8B1F}
		{3C7000A7-EAD2-4BCE-9189-D2F5DB9CE28D} = {52F4B719-D0F9-4C68-B327-8FF2894B8B1F}
		{41E52B53-5F27-4FFC-A326-8DDA134EE9E1} = {52F4B719-D0F9-4C68-B327-8FF2894B8B1F}
		{6BDB2F8C-8A64-40C5-BCA5-6DE645B8AC4B} = {354DB67D-9474-4282-AA38-78DEAD86CF5A}
		{D14106FE-D669-4113-8966-DA04D610B14A} = {354DB67D-9474-4282-AA38-78DEAD86CF5A}
		{493991ED-FAAE-4423-B9DA-470A59D3AD31} = {52F4B719-D0F9-4C68-B327-8FF2894B8B1F}
	EndGlobalSection
EndGlobal
